
Microsoft Visual Studio Solution File, Format Version 12.00
# Visual Studio Version 17
VisualStudioVersion = 17.0.31903.59
MinimumVisualStudioVersion = 10.0.40219.1
Project("{2150E333-8FDC-42A3-9474-1A3956D46DE8}") = "src", "src", "{191D95A4-3E88-4FCE-BFA4-E5892062FDD2}"
EndProject
Project("{FAE04EC0-301F-11D3-BF4B-00C04F79EFBC}") = "SkiLift", "src\SkiLift\SkiLift.csproj", "{68E2F101-0695-49A9-9EE7-216D90A700A5}"
EndProject
Global
	GlobalSection(SolutionConfigurationPlatforms) = preSolution
		Debug|Any CPU = Debug|Any CPU
		Release|Any CPU = Release|Any CPU
	EndGlobalSection
	GlobalSection(SolutionProperties) = preSolution
		HideSolutionNode = FALSE
	EndGlobalSection
	GlobalSection(ProjectConfigurationPlatforms) = postSolution
		{68E2F101-0695-49A9-9EE7-216D90A700A5}.Debug|Any CPU.ActiveCfg = Debug|Any CPU
		{68E2F101-0695-49A9-9EE7-216D90A700A5}.Debug|Any CPU.Build.0 = Debug|Any CPU
		{68E2F101-0695-49A9-9EE7-216D90A700A5}.Release|Any CPU.ActiveCfg = Release|Any CPU
		{68E2F101-0695-49A9-9EE7-216D90A700A5}.Release|Any CPU.Build.0 = Release|Any CPU
	EndGlobalSection
	GlobalSection(NestedProjects) = preSolution
		{68E2F101-0695-49A9-9EE7-216D90A700A5} = {191D95A4-3E88-4FCE-BFA4-E5892062FDD2}
	EndGlobalSection
EndGlobal
